
Microsoft Visual Studio Solution File, Format Version 11.00
# Visual Studio 2010
Project("{FAE04EC0-301F-11D3-BF4B-00C04F79EFBC}") = "Assembly-CSharp", "Assembly-CSharp.csproj", "{dc5362ee-f6ae-3ea9-ad46-7ea92c2e2d2a}"
EndProject
Global
	GlobalSection(SolutionConfigurationPlatforms) = preSolution
		Debug|Any CPU = Debug|Any CPU
		Release|Any CPU = Release|Any CPU
	EndGlobalSection
	GlobalSection(ProjectConfigurationPlatforms) = postSolution
		{dc5362ee-f6ae-3ea9-ad46-7ea92c2e2d2a}.Debug|Any CPU.ActiveCfg = Debug|Any CPU
		{dc5362ee-f6ae-3ea9-ad46-7ea92c2e2d2a}.Debug|Any CPU.Build.0 = Debug|Any CPU
		{dc5362ee-f6ae-3ea9-ad46-7ea92c2e2d2a}.Release|Any CPU.ActiveCfg = Release|Any CPU
		{dc5362ee-f6ae-3ea9-ad46-7ea92c2e2d2a}.Release|Any CPU.Build.0 = Release|Any CPU
	EndGlobalSection
	GlobalSection(SolutionProperties) = preSolution
		HideSolutionNode = FALSE
	EndGlobalSection
EndGlobal
