
Microsoft Visual Studio Solution File, Format Version 11.00
# Visual Studio 2010
Project("{FAE04EC0-301F-11D3-BF4B-00C04F79EFBC}") = "Assembly-CSharp", "Assembly-CSharp.csproj", "{daba1918-5433-f5dd-dcf2-65a35886c826}"
EndProject
Global
	GlobalSection(SolutionConfigurationPlatforms) = preSolution
		Debug|Any CPU = Debug|Any CPU
		Release|Any CPU = Release|Any CPU
	EndGlobalSection
	GlobalSection(ProjectConfigurationPlatforms) = postSolution
		{daba1918-5433-f5dd-dcf2-65a35886c826}.Debug|Any CPU.ActiveCfg = Debug|Any CPU
		{daba1918-5433-f5dd-dcf2-65a35886c826}.Debug|Any CPU.Build.0 = Debug|Any CPU
		{daba1918-5433-f5dd-dcf2-65a35886c826}.Release|Any CPU.ActiveCfg = Release|Any CPU
		{daba1918-5433-f5dd-dcf2-65a35886c826}.Release|Any CPU.Build.0 = Release|Any CPU
	EndGlobalSection
	GlobalSection(SolutionProperties) = preSolution
		HideSolutionNode = FALSE
	EndGlobalSection
EndGlobal
